{
  "requires": true,
  "lockfileVersion": 1,
  "dependencies": {
    "vanillajs-datepicker": {
      "version": "1.0.3",
      "resolved": "https://registry.npmjs.org/vanillajs-datepicker/-/vanillajs-datepicker-1.0.3.tgz",
      "integrity": "sha512-DE0/KivlyluaIPsJHxKif73sDXsAFTst54Nq013S0GGrE9JY0JvbSys3T9B8cnm+tMFn+/RncxX5JIU9b1LOUA==",
      "dev": true
    }
  }
}
